
Microsoft Visual Studio Solution File, Format Version 12.00
# Visual Studio Version 16
VisualStudioVersion = 16.0.29519.181
MinimumVisualStudioVersion = 10.0.40219.1
Project("{FAE04EC0-301F-11D3-BF4B-00C04F79EFBC}") = "Calc", "Calc.csproj", "{6CC8C04D-2EC7-489E-9F6F-43A5F1079621}"
EndProject
Global
	GlobalSection(SolutionConfigurationPlatforms) = preSolution
		Debug|Any CPU = Debug|Any CPU
		Release|Any CPU = Release|Any CPU
	EndGlobalSection
	GlobalSection(ProjectConfigurationPlatforms) = postSolution
		{6CC8C04D-2EC7-489E-9F6F-43A5F1079621}.Debug|Any CPU.ActiveCfg = Debug|Any CPU
		{6CC8C04D-2EC7-489E-9F6F-43A5F1079621}.Debug|Any CPU.Build.0 = Debug|Any CPU
		{6CC8C04D-2EC7-489E-9F6F-43A5F1079621}.Release|Any CPU.ActiveCfg = Release|Any CPU
		{6CC8C04D-2EC7-489E-9F6F-43A5F1079621}.Release|Any CPU.Build.0 = Release|Any CPU
	EndGlobalSection
	GlobalSection(SolutionProperties) = preSolution
		HideSolutionNode = FALSE
	EndGlobalSection
	GlobalSection(ExtensibilityGlobals) = postSolution
		SolutionGuid = {A79E18D7-5A55-4DF5-BEED-4C86BEA08B81}
	EndGlobalSection
EndGlobal
